
Microsoft Visual Studio Solution File, Format Version 12.00
# Visual Studio Version 17
VisualStudioVersion = 17.11.35327.3
MinimumVisualStudioVersion = 10.0.40219.1
Project("{FAE04EC0-301F-11D3-BF4B-00C04F79EFBC}") = "WindowsFormsAppMJV", "WindowsFormsAppMJV\WindowsFormsAppMJV.csproj", "{DAE8D3BF-B2E6-40FF-B845-F47027629C1A}"
EndProject
Global
	GlobalSection(SolutionConfigurationPlatforms) = preSolution
		Debug|Any CPU = Debug|Any CPU
		Release|Any CPU = Release|Any CPU
	EndGlobalSection
	GlobalSection(ProjectConfigurationPlatforms) = postSolution
		{DAE8D3BF-B2E6-40FF-B845-F47027629C1A}.Debug|Any CPU.ActiveCfg = Debug|Any CPU
		{DAE8D3BF-B2E6-40FF-B845-F47027629C1A}.Debug|Any CPU.Build.0 = Debug|Any CPU
		{DAE8D3BF-B2E6-40FF-B845-F47027629C1A}.Release|Any CPU.ActiveCfg = Release|Any CPU
		{DAE8D3BF-B2E6-40FF-B845-F47027629C1A}.Release|Any CPU.Build.0 = Release|Any CPU
	EndGlobalSection
	GlobalSection(SolutionProperties) = preSolution
		HideSolutionNode = FALSE
	EndGlobalSection
	GlobalSection(ExtensibilityGlobals) = postSolution
		SolutionGuid = {44DC163F-EB9A-49A4-95D1-87284879F877}
	EndGlobalSection
EndGlobal
